// !$*UTF8*$!
{
	archiveVersion = 1;
	classes = {
	};
	objectVersion = 46;
	objects = {

/* Begin PBXBuildFile section */
		4BC67CF01EFB1502007C7AAE /* AppDelegate.swift in Sources */ = {isa = PBXBuildFile; fileRef = 4BC67CEF1EFB1502007C7AAE /* AppDelegate.swift */; };
		4BC67CF21EFB1502007C7AAE /* ViewController.swift in Sources */ = {isa = PBXBuildFile; fileRef = 4BC67CF11EFB1502007C7AAE /* ViewController.swift */; };
		4BC67CF51EFB1502007C7AAE /* Main.storyboard in Resources */ = {isa = PBXBuildFile; fileRef = 4BC67CF31EFB1502007C7AAE /* Main.storyboard */; };
		4BC67CF71EFB1502007C7AAE /* Assets.xcassets in Resources */ = {isa = PBXBuildFile; fileRef = 4BC67CF61EFB1502007C7AAE /* Assets.xcassets */; };
		4BC67CFA1EFB1502007C7AAE /* LaunchScreen.storyboard in Resources */ = {isa = PBXBuildFile; fileRef = 4BC67CF81EFB1502007C7AAE /* LaunchScreen.storyboard */; };
		4BC67D051EFB1502007C7AAE /* FlixTests.swift in Sources */ = {isa = PBXBuildFile; fileRef = 4BC67D041EFB1502007C7AAE /* FlixTests.swift */; };
		4BC67D101EFB1502007C7AAE /* FlixUITests.swift in Sources */ = {isa = PBXBuildFile; fileRef = 4BC67D0F1EFB1502007C7AAE /* FlixUITests.swift */; };
/* End PBXBuildFile section */

/* Begin PBXContainerItemProxy section */
		4BC67D011EFB1502007C7AAE /* PBXContainerItemProxy */ = {
			isa = PBXContainerItemProxy;
			containerPortal = 4BC67CE41EFB1502007C7AAE /* Project object */;
			proxyType = 1;
			remoteGlobalIDString = 4BC67CEB1EFB1502007C7AAE;
			remoteInfo = Flix;
		};
		4BC67D0C1EFB1502007C7AAE /* PBXContainerItemProxy */ = {
			isa = PBXContainerItemProxy;
			containerPortal = 4BC67CE41EFB1502007C7AAE /* Project object */;
			proxyType = 1;
			remoteGlobalIDString = 4BC67CEB1EFB1502007C7AAE;
			remoteInfo = Flix;
		};
/* End PBXContainerItemProxy section */

/* Begin PBXFileReference section */
		4BC67CEC1EFB1502007C7AAE /* Flix.app */ = {isa = PBXFileReference; explicitFileType = wrapper.application; includeInIndex = 0; path = Flix.app; sourceTree = BUILT_PRODUCTS_DIR; };
		4BC67CEF1EFB1502007C7AAE /* AppDelegate.swift */ = {isa = PBXFileReference; lastKnownFileType = sourcecode.swift; path = AppDelegate.swift; sourceTree = "<group>"; };
		4BC67CF11EFB1502007C7AAE /* ViewController.swift */ = {isa = PBXFileReference; lastKnownFileType = sourcecode.swift; path = ViewController.swift; sourceTree = "<group>"; };
		4BC67CF41EFB1502007C7AAE /* Base */ = {isa = PBXFileReference; lastKnownFileType = file.storyboard; name = Base; path = Base.lproj/Main.storyboard; sourceTree = "<group>"; };
		4BC67CF61EFB1502007C7AAE /* Assets.xcassets */ = {isa = PBXFileReference; lastKnownFileType = folder.assetcatalog; path = Assets.xcassets; sourceTree = "<group>"; };
		4BC67CF91EFB1502007C7AAE /* Base */ = {isa = PBXFileReference; lastKnownFileType = file.storyboard; name = Base; path = Base.lproj/LaunchScreen.storyboard; sourceTree = "<group>"; };
		4BC67CFB1EFB1502007C7AAE /* Info.plist */ = {isa = PBXFileReference; lastKnownFileType = text.plist.xml; path = Info.plist; sourceTree = "<group>"; };
		4BC67D001EFB1502007C7AAE /* FlixTests.xctest */ = {isa = PBXFileReference; explicitFileType = wrapper.cfbundle; includeInIndex = 0; path = FlixTests.xctest; sourceTree = BUILT_PRODUCTS_DIR; };
		4BC67D041EFB1502007C7AAE /* FlixTests.swift */ = {isa = PBXFileReference; lastKnownFileType = sourcecode.swift; path = FlixTests.swift; sourceTree = "<group>"; };
		4BC67D061EFB1502007C7AAE /* Info.plist */ = {isa = PBXFileReference; lastKnownFileType = text.plist.xml; path = Info.plist; sourceTree = "<group>"; };
		4BC67D0B1EFB1502007C7AAE /* FlixUITests.xctest */ = {isa = PBXFileReference; explicitFileType = wrapper.cfbundle; includeInIndex = 0; path = FlixUITests.xctest; sourceTree = BUILT_PRODUCTS_DIR; };
		4BC67D0F1EFB1502007C7AAE /* FlixUITests.swift */ = {isa = PBXFileReference; lastKnownFileType = sourcecode.swift; path = FlixUITests.swift; sourceTree = "<group>"; };
		4BC67D111EFB1502007C7AAE /* Info.plist */ = {isa = PBXFileReference; lastKnownFileType = text.plist.xml; path = Info.plist; sourceTree = "<group>"; };
/* End PBXFileReference section */

/* Begin PBXFrameworksBuildPhase section */
		4BC67CE91EFB1502007C7AAE /* Frameworks */ = {
			isa = PBXFrameworksBuildPhase;
			buildActionMask = 2147483647;
			files = (
			);
			runOnlyForDeploymentPostprocessing = 0;
		};
		4BC67CFD1EFB1502007C7AAE /* Frameworks */ = {
			isa = PBXFrameworksBuildPhase;
			buildActionMask = 2147483647;
			files = (
			);
			runOnlyForDeploymentPostprocessing = 0;
		};
		4BC67D081EFB1502007C7AAE /* Frameworks */ = {
			isa = PBXFrameworksBuildPhase;
			buildActionMask = 2147483647;
			files = (
			);
			runOnlyForDeploymentPostprocessing = 0;
		};
/* End PBXFrameworksBuildPhase section */

/* Begin PBXGroup section */
		4BC67CE31EFB1502007C7AAE = {
			isa = PBXGroup;
			children = (
				4BC67CEE1EFB1502007C7AAE /* Flix */,
				4BC67D031EFB1502007C7AAE /* FlixTests */,
				4BC67D0E1EFB1502007C7AAE /* FlixUITests */,
				4BC67CED1EFB1502007C7AAE /* Products */,
			);
			sourceTree = "<group>";
		};
		4BC67CED1EFB1502007C7AAE /* Products */ = {
			isa = PBXGroup;
			children = (
				4BC67CEC1EFB1502007C7AAE /* Flix.app */,
				4BC67D001EFB1502007C7AAE /* FlixTests.xctest */,
				4BC67D0B1EFB1502007C7AAE /* FlixUITests.xctest */,
			);
			name = Products;
			sourceTree = "<group>";
		};
		4BC67CEE1EFB1502007C7AAE /* Flix */ = {
			isa = PBXGroup;
			children = (
				4BC67CEF1EFB1502007C7AAE /* AppDelegate.swift */,
				4BC67CF11EFB1502007C7AAE /* ViewController.swift */,
				4BC67CF31EFB1502007C7AAE /* Main.storyboard */,
				4BC67CF61EFB1502007C7AAE /* Assets.xcassets */,
				4BC67CF81EFB1502007C7AAE /* LaunchScreen.storyboard */,
				4BC67CFB1EFB1502007C7AAE /* Info.plist */,
			);
			path = Flix;
			sourceTree = "<group>";
		};
		4BC67D031EFB1502007C7AAE /* FlixTests */ = {
			isa = PBXGroup;
			children = (
				4BC67D041EFB1502007C7AAE /* FlixTests.swift */,
				4BC67D061EFB1502007C7AAE /* Info.plist */,
			);
			path = FlixTests;
			sourceTree = "<group>";
		};
		4BC67D0E1EFB1502007C7AAE /* FlixUITests */ = {
			isa = PBXGroup;
			children = (
				4BC67D0F1EFB1502007C7AAE /* FlixUITests.swift */,
				4BC67D111EFB1502007C7AAE /* Info.plist */,
			);
			path = FlixUITests;
			sourceTree = "<group>";
		};
/* End PBXGroup section */

/* Begin PBXNativeTarget section */
		4BC67CEB1EFB1502007C7AAE /* Flix */ = {
			isa = PBXNativeTarget;
			buildConfigurationList = 4BC67D141EFB1502007C7AAE /* Build configuration list for PBXNativeTarget "Flix" */;
			buildPhases = (
				4BC67CE81EFB1502007C7AAE /* Sources */,
				4BC67CE91EFB1502007C7AAE /* Frameworks */,
				4BC67CEA1EFB1502007C7AAE /* Resources */,
			);
			buildRules = (
			);
			dependencies = (
			);
			name = Flix;
			productName = Flix;
			productReference = 4BC67CEC1EFB1502007C7AAE /* Flix.app */;
			productType = "com.apple.product-type.application";
		};
		4BC67CFF1EFB1502007C7AAE /* FlixTests */ = {
			isa = PBXNativeTarget;
			buildConfigurationList = 4BC67D171EFB1502007C7AAE /* Build configuration list for PBXNativeTarget "FlixTests" */;
			buildPhases = (
				4BC67CFC1EFB1502007C7AAE /* Sources */,
				4BC67CFD1EFB1502007C7AAE /* Frameworks */,
				4BC67CFE1EFB1502007C7AAE /* Resources */,
			);
			buildRules = (
			);
			dependencies = (
				4BC67D021EFB1502007C7AAE /* PBXTargetDependency */,
			);
			name = FlixTests;
			productName = FlixTests;
			productReference = 4BC67D001EFB1502007C7AAE /* FlixTests.xctest */;
			productType = "com.apple.product-type.bundle.unit-test";
		};
		4BC67D0A1EFB1502007C7AAE /* FlixUITests */ = {
			isa = PBXNativeTarget;
			buildConfigurationList = 4BC67D1A1EFB1502007C7AAE /* Build configuration list for PBXNativeTarget "FlixUITests" */;
			buildPhases = (
				4BC67D071EFB1502007C7AAE /* Sources */,
				4BC67D081EFB1502007C7AAE /* Frameworks */,
				4BC67D091EFB1502007C7AAE /* Resources */,
			);
			buildRules = (
			);
			dependencies = (
				4BC67D0D1EFB1502007C7AAE /* PBXTargetDependency */,
			);
			name = FlixUITests;
			productName = FlixUITests;
			productReference = 4BC67D0B1EFB1502007C7AAE /* FlixUITests.xctest */;
			productType = "com.apple.product-type.bundle.ui-testing";
		};
/* End PBXNativeTarget section */

/* Begin PBXProject section */
		4BC67CE41EFB1502007C7AAE /* Project object */ = {
			isa = PBXProject;
			attributes = {
				LastSwiftUpdateCheck = 0830;
				LastUpgradeCheck = 0830;
				ORGANIZATIONNAME = "Chase Warren";
				TargetAttributes = {
					4BC67CEB1EFB1502007C7AAE = {
						CreatedOnToolsVersion = 8.3.2;
						ProvisioningStyle = Automatic;
					};
					4BC67CFF1EFB1502007C7AAE = {
						CreatedOnToolsVersion = 8.3.2;
						ProvisioningStyle = Automatic;
						TestTargetID = 4BC67CEB1EFB1502007C7AAE;
					};
					4BC67D0A1EFB1502007C7AAE = {
						CreatedOnToolsVersion = 8.3.2;
						ProvisioningStyle = Automatic;
						TestTargetID = 4BC67CEB1EFB1502007C7AAE;
					};
				};
			};
			buildConfigurationList = 4BC67CE71EFB1502007C7AAE /* Build configuration list for PBXProject "Flix" */;
			compatibilityVersion = "Xcode 3.2";
			developmentRegion = English;
			hasScannedForEncodings = 0;
			knownRegions = (
				en,
				Base,
			);
			mainGroup = 4BC67CE31EFB1502007C7AAE;
			productRefGroup = 4BC67CED1EFB1502007C7AAE /* Products */;
			projectDirPath = "";
			projectRoot = "";
			targets = (
				4BC67CEB1EFB1502007C7AAE /* Flix */,
				4BC67CFF1EFB1502007C7AAE /* FlixTests */,
				4BC67D0A1EFB1502007C7AAE /* FlixUITests */,
			);
		};
/* End PBXProject section */

/* Begin PBXResourcesBuildPhase section */
		4BC67CEA1EFB1502007C7AAE /* Resources */ = {
			isa = PBXResourcesBuildPhase;
			buildActionMask = 2147483647;
			files = (
				4BC67CFA1EFB1502007C7AAE /* LaunchScreen.storyboard in Resources */,
				4BC67CF71EFB1502007C7AAE /* Assets.xcassets in Resources */,
				4BC67CF51EFB1502007C7AAE /* Main.storyboard in Resources */,
			);
			runOnlyForDeploymentPostprocessing = 0;
		};
		4BC67CFE1EFB1502007C7AAE /* Resources */ = {
			isa = PBXResourcesBuildPhase;
			buildActionMask = 2147483647;
			files = (
			);
			runOnlyForDeploymentPostprocessing = 0;
		};
		4BC67D091EFB1502007C7AAE /* Resources */ = {
			isa = PBXResourcesBuildPhase;
			buildActionMask = 2147483647;
			files = (
			);
			runOnlyForDeploymentPostprocessing = 0;
		};
/* End PBXResourcesBuildPhase section */

/* Begin PBXSourcesBuildPhase section */
		4BC67CE81EFB1502007C7AAE /* Sources */ = {
			isa = PBXSourcesBuildPhase;
			buildActionMask = 2147483647;
			files = (
				4BC67CF21EFB1502007C7AAE /* ViewController.swift in Sources */,
				4BC67CF01EFB1502007C7AAE /* AppDelegate.swift in Sources */,
			);
			runOnlyForDeploymentPostprocessing = 0;
		};
		4BC67CFC1EFB1502007C7AAE /* Sources */ = {
			isa = PBXSourcesBuildPhase;
			buildActionMask = 2147483647;
			files = (
				4BC67D051EFB1502007C7AAE /* FlixTests.swift in Sources */,
			);
			runOnlyForDeploymentPostprocessing = 0;
		};
		4BC67D071EFB1502007C7AAE /* Sources */ = {
			isa = PBXSourcesBuildPhase;
			buildActionMask = 2147483647;
			files = (
				4BC67D101EFB1502007C7AAE /* FlixUITests.swift in Sources */,
			);
			runOnlyForDeploymentPostprocessing = 0;
		};
/* End PBXSourcesBuildPhase section */

/* Begin PBXTargetDependency section */
		4BC67D021EFB1502007C7AAE /* PBXTargetDependency */ = {
			isa = PBXTargetDependency;
			target = 4BC67CEB1EFB1502007C7AAE /* Flix */;
			targetProxy = 4BC67D011EFB1502007C7AAE /* PBXContainerItemProxy */;
		};
		4BC67D0D1EFB1502007C7AAE /* PBXTargetDependency */ = {
			isa = PBXTargetDependency;
			target = 4BC67CEB1EFB1502007C7AAE /* Flix */;
			targetProxy = 4BC67D0C1EFB1502007C7AAE /* PBXContainerItemProxy */;
		};
/* End PBXTargetDependency section */

/* Begin PBXVariantGroup section */
		4BC67CF31EFB1502007C7AAE /* Main.storyboard */ = {
			isa = PBXVariantGroup;
			children = (
				4BC67CF41EFB1502007C7AAE /* Base */,
			);
			name = Main.storyboard;
			sourceTree = "<group>";
		};
		4BC67CF81EFB1502007C7AAE /* LaunchScreen.storyboard */ = {
			isa = PBXVariantGroup;
			children = (
				4BC67CF91EFB1502007C7AAE /* Base */,
			);
			name = LaunchScreen.storyboard;
			sourceTree = "<group>";
		};
/* End PBXVariantGroup section */

/* Begin XCBuildConfiguration section */
		4BC67D121EFB1502007C7AAE /* Debug */ = {
			isa = XCBuildConfiguration;
			buildSettings = {
				ALWAYS_SEARCH_USER_PATHS = NO;
				CLANG_ANALYZER_NONNULL = YES;
				CLANG_ANALYZER_NUMBER_OBJECT_CONVERSION = YES_AGGRESSIVE;
				CLANG_CXX_LANGUAGE_STANDARD = "gnu++0x";
				CLANG_CXX_LIBRARY = "libc++";
				CLANG_ENABLE_MODULES = YES;
				CLANG_ENABLE_OBJC_ARC = YES;
				CLANG_WARN_BOOL_CONVERSION = YES;
				CLANG_WARN_CONSTANT_CONVERSION = YES;
				CLANG_WARN_DIRECT_OBJC_ISA_USAGE = YES_ERROR;
				CLANG_WARN_DOCUMENTATION_COMMENTS = YES;
				CLANG_WARN_EMPTY_BODY = YES;
				CLANG_WARN_ENUM_CONVERSION = YES;
				CLANG_WARN_INFINITE_RECURSION = YES;
				CLANG_WARN_INT_CONVERSION = YES;
				CLANG_WARN_OBJC_ROOT_CLASS = YES_ERROR;
				CLANG_WARN_SUSPICIOUS_MOVE = YES;
				CLANG_WARN_UNREACHABLE_CODE = YES;
				CLANG_WARN__DUPLICATE_METHOD_MATCH = YES;
				"CODE_SIGN_IDENTITY[sdk=iphoneos*]" = "iPhone Developer";
				COPY_PHASE_STRIP = NO;
				DEBUG_INFORMATION_FORMAT = dwarf;
				ENABLE_STRICT_OBJC_MSGSEND = YES;
				ENABLE_TESTABILITY = YES;
				GCC_C_LANGUAGE_STANDARD = gnu99;
				GCC_DYNAMIC_NO_PIC = NO;
				GCC_NO_COMMON_BLOCKS = YES;
				GCC_OPTIMIZATION_LEVEL = 0;
				GCC_PREPROCESSOR_DEFINITIONS = (
					"DEBUG=1",
					"$(inherited)",
				);
				GCC_WARN_64_TO_32_BIT_CONVERSION = YES;
				GCC_WARN_ABOUT_RETURN_TYPE = YES_ERROR;
				GCC_WARN_UNDECLARED_SELECTOR = YES;
				GCC_WARN_UNINITIALIZED_AUTOS = YES_AGGRESSIVE;
				GCC_WARN_UNUSED_FUNCTION = YES;
				GCC_WARN_UNUSED_VARIABLE = YES;
				IPHONEOS_DEPLOYMENT_TARGET = 10.3;
				MTL_ENABLE_DEBUG_INFO = YES;
				ONLY_ACTIVE_ARCH = YES;
				SDKROOT = iphoneos;
				SWIFT_ACTIVE_COMPILATION_CONDITIONS = DEBUG;
				SWIFT_OPTIMIZATION_LEVEL = "-Onone";
			};
			name = Debug;
		};
		4BC67D131EFB1502007C7AAE /* Release */ = {
			isa = XCBuildConfiguration;
			buildSettings = {
				ALWAYS_SEARCH_USER_PATHS = NO;
				CLANG_ANALYZER_NONNULL = YES;
				CLANG_ANALYZER_NUMBER_OBJECT_CONVERSION = YES_AGGRESSIVE;
				CLANG_CXX_LANGUAGE_STANDARD = "gnu++0x";
				CLANG_CXX_LIBRARY = "libc++";
				CLANG_ENABLE_MODULES = YES;
				CLANG_ENABLE_OBJC_ARC = YES;
				CLANG_WARN_BOOL_CONVERSION = YES;
				CLANG_WARN_CONSTANT_CONVERSION = YES;
				CLANG_WARN_DIRECT_OBJC_ISA_USAGE = YES_ERROR;
				CLANG_WARN_DOCUMENTATION_COMMENTS = YES;
				CLANG_WARN_EMPTY_BODY = YES;
				CLANG_WARN_ENUM_CONVERSION = YES;
				CLANG_WARN_INFINITE_RECURSION = YES;
				CLANG_WARN_INT_CONVERSION = YES;
				CLANG_WARN_OBJC_ROOT_CLASS = YES_ERROR;
				CLANG_WARN_SUSPICIOUS_MOVE = YES;
				CLANG_WARN_UNREACHABLE_CODE = YES;
				CLANG_WARN__DUPLICATE_METHOD_MATCH = YES;
				"CODE_SIGN_IDENTITY[sdk=iphoneos*]" = "iPhone Developer";
				COPY_PHASE_STRIP = NO;
				DEBUG_INFORMATION_FORMAT = "dwarf-with-dsym";
				ENABLE_NS_ASSERTIONS = NO;
				ENABLE_STRICT_OBJC_MSGSEND = YES;
				GCC_C_LANGUAGE_STANDARD = gnu99;
				GCC_NO_COMMON_BLOCKS = YES;
				GCC_WARN_64_TO_32_BIT_CONVERSION = YES;
				GCC_WARN_ABOUT_RETURN_TYPE = YES_ERROR;
				GCC_WARN_UNDECLARED_SELECTOR = YES;
				GCC_WARN_UNINITIALIZED_AUTOS = YES_AGGRESSIVE;
				GCC_WARN_UNUSED_FUNCTION = YES;
				GCC_WARN_UNUSED_VARIABLE = YES;
				IPHONEOS_DEPLOYMENT_TARGET = 10.3;
				MTL_ENABLE_DEBUG_INFO = NO;
				SDKROOT = iphoneos;
				SWIFT_OPTIMIZATION_LEVEL = "-Owholemodule";
				VALIDATE_PRODUCT = YES;
			};
			name = Release;
		};
		4BC67D151EFB1502007C7AAE /* Debug */ = {
			isa = XCBuildConfiguration;
			buildSettings = {
				ASSETCATALOG_COMPILER_APPICON_NAME = AppIcon;
				INFOPLIST_FILE = Flix/Info.plist;
				LD_RUNPATH_SEARCH_PATHS = "$(inherited) @executable_path/Frameworks";
				PRODUCT_BUNDLE_IDENTIFIER = com.chasejjw.Flix;
				PRODUCT_NAME = "$(TARGET_NAME)";
				SWIFT_VERSION = 3.0;
			};
			name = Debug;
		};
		4BC67D161EFB1502007C7AAE /* Release */ = {
			isa = XCBuildConfiguration;
			buildSettings = {
				ASSETCATALOG_COMPILER_APPICON_NAME = AppIcon;
				INFOPLIST_FILE = Flix/Info.plist;
				LD_RUNPATH_SEARCH_PATHS = "$(inherited) @executable_path/Frameworks";
				PRODUCT_BUNDLE_IDENTIFIER = com.chasejjw.Flix;
				PRODUCT_NAME = "$(TARGET_NAME)";
				SWIFT_VERSION = 3.0;
			};
			name = Release;
		};
		4BC67D181EFB1502007C7AAE /* Debug */ = {
			isa = XCBuildConfiguration;
			buildSettings = {
				ALWAYS_EMBED_SWIFT_STANDARD_LIBRARIES = YES;
				BUNDLE_LOADER = "$(TEST_HOST)";
				INFOPLIST_FILE = FlixTests/Info.plist;
				LD_RUNPATH_SEARCH_PATHS = "$(inherited) @executable_path/Frameworks @loader_path/Frameworks";
				PRODUCT_BUNDLE_IDENTIFIER = com.chasejjw.FlixTests;
				PRODUCT_NAME = "$(TARGET_NAME)";
				SWIFT_VERSION = 3.0;
				TEST_HOST = "$(BUILT_PRODUCTS_DIR)/Flix.app/Flix";
			};
			name = Debug;
		};
		4BC67D191EFB1502007C7AAE /* Release */ = {
			isa = XCBuildConfiguration;
			buildSettings = {
				ALWAYS_EMBED_SWIFT_STANDARD_LIBRARIES = YES;
				BUNDLE_LOADER = "$(TEST_HOST)";
				INFOPLIST_FILE = FlixTests/Info.plist;
				LD_RUNPATH_SEARCH_PATHS = "$(inherited) @executable_path/Frameworks @loader_path/Frameworks";
				PRODUCT_BUNDLE_IDENTIFIER = com.chasejjw.FlixTests;
				PRODUCT_NAME = "$(TARGET_NAME)";
				SWIFT_VERSION = 3.0;
				TEST_HOST = "$(BUILT_PRODUCTS_DIR)/Flix.app/Flix";
			};
			name = Release;
		};
		4BC67D1B1EFB1502007C7AAE /* Debug */ = {
			isa = XCBuildConfiguration;
			buildSettings = {
				ALWAYS_EMBED_SWIFT_STANDARD_LIBRARIES = YES;
				INFOPLIST_FILE = FlixUITests/Info.plist;
				LD_RUNPATH_SEARCH_PATHS = "$(inherited) @executable_path/Frameworks @loader_path/Frameworks";
				PRODUCT_BUNDLE_IDENTIFIER = com.chasejjw.FlixUITests;
				PRODUCT_NAME = "$(TARGET_NAME)";
				SWIFT_VERSION = 3.0;
				TEST_TARGET_NAME = Flix;
			};
			name = Debug;
		};
		4BC67D1C1EFB1502007C7AAE /* Release */ = {
			isa = XCBuildConfiguration;
			buildSettings = {
				ALWAYS_EMBED_SWIFT_STANDARD_LIBRARIES = YES;
				INFOPLIST_FILE = FlixUITests/Info.plist;
				LD_RUNPATH_SEARCH_PATHS = "$(inherited) @executable_path/Frameworks @loader_path/Frameworks";
				PRODUCT_BUNDLE_IDENTIFIER = com.chasejjw.FlixUITests;
				PRODUCT_NAME = "$(TARGET_NAME)";
				SWIFT_VERSION = 3.0;
				TEST_TARGET_NAME = Flix;
			};
			name = Release;
		};
/* End XCBuildConfiguration section */

/* Begin XCConfigurationList section */
		4BC67CE71EFB1502007C7AAE /* Build configuration list for PBXProject "Flix" */ = {
			isa = XCConfigurationList;
			buildConfigurations = (
				4BC67D121EFB1502007C7AAE /* Debug */,
				4BC67D131EFB1502007C7AAE /* Release */,
			);
			defaultConfigurationIsVisible = 0;
			defaultConfigurationName = Release;
		};
		4BC67D141EFB1502007C7AAE /* Build configuration list for PBXNativeTarget "Flix" */ = {
			isa = XCConfigurationList;
			buildConfigurations = (
				4BC67D151EFB1502007C7AAE /* Debug */,
				4BC67D161EFB1502007C7AAE /* Release */,
			);
			defaultConfigurationIsVisible = 0;
		};
		4BC67D171EFB1502007C7AAE /* Build configuration list for PBXNativeTarget "FlixTests" */ = {
			isa = XCConfigurationList;
			buildConfigurations = (
				4BC67D181EFB1502007C7AAE /* Debug */,
				4BC67D191EFB1502007C7AAE /* Release */,
			);
			defaultConfigurationIsVisible = 0;
		};
		4BC67D1A1EFB1502007C7AAE /* Build configuration list for PBXNativeTarget "FlixUITests" */ = {
			isa = XCConfigurationList;
			buildConfigurations = (
				4BC67D1B1EFB1502007C7AAE /* Debug */,
				4BC67D1C1EFB1502007C7AAE /* Release */,
			);
			defaultConfigurationIsVisible = 0;
		};
/* End XCConfigurationList section */
	};
	rootObject = 4BC67CE41EFB1502007C7AAE /* Project object */;
}
